{
  "originHash" : "234e795a34a1eac11e5cc158bbbe776971190ef4f11e34f12d1afb21669bf4b4",
  "pins" : [
    {
      "identity" : "swift-log",
      "kind" : "remoteSourceControl",
      "location" : "https://github.com/apple/swift-log.git",
      "state" : {
        "revision" : "5073617dac96330a486245e4c0179cb0a6fd2256",
        "version" : "1.12.0"
      }
    }
  ],
  "version" : 3
}
