{
  "originHash" : "d675ed7b8aa4a9de1b2dd8672611ab0e786bc444ace2514a1d88ecf2a9f780e8",
  "pins" : [
    {
      "identity" : "gzipswift",
      "kind" : "remoteSourceControl",
      "location" : "https://github.com/1024jp/GzipSwift",
      "state" : {
        "revision" : "56bf51fdd2fe4b2cf254b2cf34aede3d7caccc6c",
        "version" : "6.1.0"
      }
    },
    {
      "identity" : "msgpack-swift",
      "kind" : "remoteSourceControl",
      "location" : "https://github.com/fumoboy007/msgpack-swift",
      "state" : {
        "revision" : "fe3101819f4f82b086da5279a9df81f6754798e9",
        "version" : "2.0.6"
      }
    },
    {
      "identity" : "swift-log",
      "kind" : "remoteSourceControl",
      "location" : "https://github.com/apple/swift-log",
      "state" : {
        "revision" : "2aed77ae5ec9a86d8fe42c12275e4c2653a286ee",
        "version" : "1.13.1"
      }
    }
  ],
  "version" : 3
}
